// !$*UTF8*$!
{
	archiveVersion = 1;
	classes = {
	};
	objectVersion = 46;
	objects = {

/* Begin PBXBuildFile section */
		4005305886A280A3F074C4B1 /* Pods_tennispointsTests.framework in Frameworks */ = {isa = PBXBuildFile; fileRef = CA99D9821862A84EC2E99EEE /* Pods_tennispointsTests.framework */; };
		4509E6532013B7D7001113CE /* AppDelegate.swift in Sources */ = {isa = PBXBuildFile; fileRef = 4509E6522013B7D7001113CE /* AppDelegate.swift */; };
		4509E6552013B7D7001113CE /* LoginViewController.swift in Sources */ = {isa = PBXBuildFile; fileRef = 4509E6542013B7D7001113CE /* LoginViewController.swift */; };
		4509E65A2013B7D7001113CE /* Assets.xcassets in Resources */ = {isa = PBXBuildFile; fileRef = 4509E6592013B7D7001113CE /* Assets.xcassets */; };
		4509E65D2013B7D7001113CE /* LaunchScreen.storyboard in Resources */ = {isa = PBXBuildFile; fileRef = 4509E65B2013B7D7001113CE /* LaunchScreen.storyboard */; };
		4509E6682013B7D7001113CE /* tennispointsTests.swift in Sources */ = {isa = PBXBuildFile; fileRef = 4509E6672013B7D7001113CE /* tennispointsTests.swift */; };
		4509E6732013B7D7001113CE /* tennispointsUITests.swift in Sources */ = {isa = PBXBuildFile; fileRef = 4509E6722013B7D7001113CE /* tennispointsUITests.swift */; };
		4509E6812013BB16001113CE /* GoogleService-Info.plist in Resources */ = {isa = PBXBuildFile; fileRef = 4509E6802013BB16001113CE /* GoogleService-Info.plist */; };
		4534805C2015A35D00BA3C24 /* ProfileViewController.swift in Sources */ = {isa = PBXBuildFile; fileRef = 4534805B2015A35D00BA3C24 /* ProfileViewController.swift */; };
		4535165D205EF9E5009D2F20 /* Location.swift in Sources */ = {isa = PBXBuildFile; fileRef = 4535165C205EF9E5009D2F20 /* Location.swift */; };
		454F7645201FEADF0029CF7E /* SetCourtViewController.swift in Sources */ = {isa = PBXBuildFile; fileRef = 454F7644201FEADF0029CF7E /* SetCourtViewController.swift */; };
		454F7647201FEB050029CF7E /* RecordPlayViewController.swift in Sources */ = {isa = PBXBuildFile; fileRef = 454F7646201FEB050029CF7E /* RecordPlayViewController.swift */; };
		455E743C206ACA06007A4426 /* CourtPin.swift in Sources */ = {isa = PBXBuildFile; fileRef = 455E743B206ACA06007A4426 /* CourtPin.swift */; };
		4568BCA92016B7F800713B51 /* Main.storyboard in Resources */ = {isa = PBXBuildFile; fileRef = 4568BCA72016B7F800713B51 /* Main.storyboard */; };
		BBFCCDF6B311A891D23049DB /* Pods_tennispointsUITests.framework in Frameworks */ = {isa = PBXBuildFile; fileRef = BDCAFAD5599B27A6782FB40C /* Pods_tennispointsUITests.framework */; };
		EFB4B14CD7E98ADA08531960 /* Pods_tennispoints.framework in Frameworks */ = {isa = PBXBuildFile; fileRef = 20152DC871B57A4DBF2936A3 /* Pods_tennispoints.framework */; };
/* End PBXBuildFile section */

/* Begin PBXContainerItemProxy section */
		4509E6642013B7D7001113CE /* PBXContainerItemProxy */ = {
			isa = PBXContainerItemProxy;
			containerPortal = 4509E6472013B7D6001113CE /* Project object */;
			proxyType = 1;
			remoteGlobalIDString = 4509E64E2013B7D6001113CE;
			remoteInfo = tennispoints;
		};
		4509E66F2013B7D7001113CE /* PBXContainerItemProxy */ = {
			isa = PBXContainerItemProxy;
			containerPortal = 4509E6472013B7D6001113CE /* Project object */;
			proxyType = 1;
			remoteGlobalIDString = 4509E64E2013B7D6001113CE;
			remoteInfo = tennispoints;
		};
/* End PBXContainerItemProxy section */

/* Begin PBXFileReference section */
		034FB182A62B9FEE26AA398A /* Pods-tennispointsTests.debug.xcconfig */ = {isa = PBXFileReference; includeInIndex = 1; lastKnownFileType = text.xcconfig; name = "Pods-tennispointsTests.debug.xcconfig"; path = "Pods/Target Support Files/Pods-tennispointsTests/Pods-tennispointsTests.debug.xcconfig"; sourceTree = "<group>"; };
		1646BC3EE523735A104DCAB4 /* Pods-tennispoints.release.xcconfig */ = {isa = PBXFileReference; includeInIndex = 1; lastKnownFileType = text.xcconfig; name = "Pods-tennispoints.release.xcconfig"; path = "Pods/Target Support Files/Pods-tennispoints/Pods-tennispoints.release.xcconfig"; sourceTree = "<group>"; };
		20152DC871B57A4DBF2936A3 /* Pods_tennispoints.framework */ = {isa = PBXFileReference; explicitFileType = wrapper.framework; includeInIndex = 0; path = Pods_tennispoints.framework; sourceTree = BUILT_PRODUCTS_DIR; };
		2AB852691E8E5DA96213F96D /* Pods-tennispointsUITests.debug.xcconfig */ = {isa = PBXFileReference; includeInIndex = 1; lastKnownFileType = text.xcconfig; name = "Pods-tennispointsUITests.debug.xcconfig"; path = "Pods/Target Support Files/Pods-tennispointsUITests/Pods-tennispointsUITests.debug.xcconfig"; sourceTree = "<group>"; };
		4509E64F2013B7D7001113CE /* tennispoints.app */ = {isa = PBXFileReference; explicitFileType = wrapper.application; includeInIndex = 0; path = tennispoints.app; sourceTree = BUILT_PRODUCTS_DIR; };
		4509E6522013B7D7001113CE /* AppDelegate.swift */ = {isa = PBXFileReference; lastKnownFileType = sourcecode.swift; path = AppDelegate.swift; sourceTree = "<group>"; };
		4509E6542013B7D7001113CE /* LoginViewController.swift */ = {isa = PBXFileReference; lastKnownFileType = sourcecode.swift; path = LoginViewController.swift; sourceTree = "<group>"; };
		4509E6592013B7D7001113CE /* Assets.xcassets */ = {isa = PBXFileReference; lastKnownFileType = folder.assetcatalog; path = Assets.xcassets; sourceTree = "<group>"; };
		4509E65C2013B7D7001113CE /* Base */ = {isa = PBXFileReference; lastKnownFileType = file.storyboard; name = Base; path = Base.lproj/LaunchScreen.storyboard; sourceTree = "<group>"; };
		4509E65E2013B7D7001113CE /* Info.plist */ = {isa = PBXFileReference; lastKnownFileType = text.plist.xml; path = Info.plist; sourceTree = "<group>"; };
		4509E6632013B7D7001113CE /* tennispointsTests.xctest */ = {isa = PBXFileReference; explicitFileType = wrapper.cfbundle; includeInIndex = 0; path = tennispointsTests.xctest; sourceTree = BUILT_PRODUCTS_DIR; };
		4509E6672013B7D7001113CE /* tennispointsTests.swift */ = {isa = PBXFileReference; lastKnownFileType = sourcecode.swift; path = tennispointsTests.swift; sourceTree = "<group>"; };
		4509E6692013B7D7001113CE /* Info.plist */ = {isa = PBXFileReference; lastKnownFileType = text.plist.xml; path = Info.plist; sourceTree = "<group>"; };
		4509E66E2013B7D7001113CE /* tennispointsUITests.xctest */ = {isa = PBXFileReference; explicitFileType = wrapper.cfbundle; includeInIndex = 0; path = tennispointsUITests.xctest; sourceTree = BUILT_PRODUCTS_DIR; };
		4509E6722013B7D7001113CE /* tennispointsUITests.swift */ = {isa = PBXFileReference; lastKnownFileType = sourcecode.swift; path = tennispointsUITests.swift; sourceTree = "<group>"; };
		4509E6742013B7D7001113CE /* Info.plist */ = {isa = PBXFileReference; lastKnownFileType = text.plist.xml; path = Info.plist; sourceTree = "<group>"; };
		4509E6802013BB16001113CE /* GoogleService-Info.plist */ = {isa = PBXFileReference; fileEncoding = 4; lastKnownFileType = text.plist.xml; path = "GoogleService-Info.plist"; sourceTree = "<group>"; };
		4534805B2015A35D00BA3C24 /* ProfileViewController.swift */ = {isa = PBXFileReference; fileEncoding = 4; lastKnownFileType = sourcecode.swift; path = ProfileViewController.swift; sourceTree = "<group>"; };
		4535165C205EF9E5009D2F20 /* Location.swift */ = {isa = PBXFileReference; fileEncoding = 4; lastKnownFileType = sourcecode.swift; path = Location.swift; sourceTree = "<group>"; };
		454F7644201FEADF0029CF7E /* SetCourtViewController.swift */ = {isa = PBXFileReference; fileEncoding = 4; lastKnownFileType = sourcecode.swift; path = SetCourtViewController.swift; sourceTree = "<group>"; };
		454F7646201FEB050029CF7E /* RecordPlayViewController.swift */ = {isa = PBXFileReference; fileEncoding = 4; lastKnownFileType = sourcecode.swift; path = RecordPlayViewController.swift; sourceTree = "<group>"; };
		455E743B206ACA06007A4426 /* CourtPin.swift */ = {isa = PBXFileReference; fileEncoding = 4; lastKnownFileType = sourcecode.swift; name = CourtPin.swift; path = ../CourtPin.swift; sourceTree = "<group>"; };
		4568BCA82016B7F800713B51 /* Base */ = {isa = PBXFileReference; lastKnownFileType = file.storyboard; name = Base; path = Base.lproj/Main.storyboard; sourceTree = "<group>"; };
		89A2DE283EF336213E91DC6D /* Pods-tennispointsTests.release.xcconfig */ = {isa = PBXFileReference; includeInIndex = 1; lastKnownFileType = text.xcconfig; name = "Pods-tennispointsTests.release.xcconfig"; path = "Pods/Target Support Files/Pods-tennispointsTests/Pods-tennispointsTests.release.xcconfig"; sourceTree = "<group>"; };
		A7EBF2AA41B02009FF7956BF /* Pods-tennispointsUITests.release.xcconfig */ = {isa = PBXFileReference; includeInIndex = 1; lastKnownFileType = text.xcconfig; name = "Pods-tennispointsUITests.release.xcconfig"; path = "Pods/Target Support Files/Pods-tennispointsUITests/Pods-tennispointsUITests.release.xcconfig"; sourceTree = "<group>"; };
		BDCAFAD5599B27A6782FB40C /* Pods_tennispointsUITests.framework */ = {isa = PBXFileReference; explicitFileType = wrapper.framework; includeInIndex = 0; path = Pods_tennispointsUITests.framework; sourceTree = BUILT_PRODUCTS_DIR; };
		CA99D9821862A84EC2E99EEE /* Pods_tennispointsTests.framework */ = {isa = PBXFileReference; explicitFileType = wrapper.framework; includeInIndex = 0; path = Pods_tennispointsTests.framework; sourceTree = BUILT_PRODUCTS_DIR; };
		ECC1AD47783CE5E3D08A163A /* Pods-tennispoints.debug.xcconfig */ = {isa = PBXFileReference; includeInIndex = 1; lastKnownFileType = text.xcconfig; name = "Pods-tennispoints.debug.xcconfig"; path = "Pods/Target Support Files/Pods-tennispoints/Pods-tennispoints.debug.xcconfig"; sourceTree = "<group>"; };
/* End PBXFileReference section */

/* Begin PBXFrameworksBuildPhase section */
		4509E64C2013B7D6001113CE /* Frameworks */ = {
			isa = PBXFrameworksBuildPhase;
			buildActionMask = 2147483647;
			files = (
				EFB4B14CD7E98ADA08531960 /* Pods_tennispoints.framework in Frameworks */,
			);
			runOnlyForDeploymentPostprocessing = 0;
		};
		4509E6602013B7D7001113CE /* Frameworks */ = {
			isa = PBXFrameworksBuildPhase;
			buildActionMask = 2147483647;
			files = (
				4005305886A280A3F074C4B1 /* Pods_tennispointsTests.framework in Frameworks */,
			);
			runOnlyForDeploymentPostprocessing = 0;
		};
		4509E66B2013B7D7001113CE /* Frameworks */ = {
			isa = PBXFrameworksBuildPhase;
			buildActionMask = 2147483647;
			files = (
				BBFCCDF6B311A891D23049DB /* Pods_tennispointsUITests.framework in Frameworks */,
			);
			runOnlyForDeploymentPostprocessing = 0;
		};
/* End PBXFrameworksBuildPhase section */

/* Begin PBXGroup section */
		4509E6462013B7D6001113CE = {
			isa = PBXGroup;
			children = (
				4509E6512013B7D7001113CE /* tennispoints */,
				4509E6662013B7D7001113CE /* tennispointsTests */,
				4509E6712013B7D7001113CE /* tennispointsUITests */,
				4509E6502013B7D7001113CE /* Products */,
				F0B3DB515BA59FE322B22237 /* Pods */,
				BA0431F06B1C3FD5FC25C135 /* Frameworks */,
			);
			sourceTree = "<group>";
		};
		4509E6502013B7D7001113CE /* Products */ = {
			isa = PBXGroup;
			children = (
				4509E64F2013B7D7001113CE /* tennispoints.app */,
				4509E6632013B7D7001113CE /* tennispointsTests.xctest */,
				4509E66E2013B7D7001113CE /* tennispointsUITests.xctest */,
			);
			name = Products;
			sourceTree = "<group>";
		};
		4509E6512013B7D7001113CE /* tennispoints */ = {
			isa = PBXGroup;
			children = (
				455E743B206ACA06007A4426 /* CourtPin.swift */,
				4509E6522013B7D7001113CE /* AppDelegate.swift */,
				4535165C205EF9E5009D2F20 /* Location.swift */,
				4509E6542013B7D7001113CE /* LoginViewController.swift */,
				4534805B2015A35D00BA3C24 /* ProfileViewController.swift */,
				4568BCA72016B7F800713B51 /* Main.storyboard */,
				454F7644201FEADF0029CF7E /* SetCourtViewController.swift */,
				454F7646201FEB050029CF7E /* RecordPlayViewController.swift */,
				4509E6592013B7D7001113CE /* Assets.xcassets */,
				4509E65B2013B7D7001113CE /* LaunchScreen.storyboard */,
				4509E65E2013B7D7001113CE /* Info.plist */,
				4509E6802013BB16001113CE /* GoogleService-Info.plist */,
			);
			path = tennispoints;
			sourceTree = "<group>";
		};
		4509E6662013B7D7001113CE /* tennispointsTests */ = {
			isa = PBXGroup;
			children = (
				4509E6672013B7D7001113CE /* tennispointsTests.swift */,
				4509E6692013B7D7001113CE /* Info.plist */,
			);
			path = tennispointsTests;
			sourceTree = "<group>";
		};
		4509E6712013B7D7001113CE /* tennispointsUITests */ = {
			isa = PBXGroup;
			children = (
				4509E6722013B7D7001113CE /* tennispointsUITests.swift */,
				4509E6742013B7D7001113CE /* Info.plist */,
			);
			path = tennispointsUITests;
			sourceTree = "<group>";
		};
		BA0431F06B1C3FD5FC25C135 /* Frameworks */ = {
			isa = PBXGroup;
			children = (
				20152DC871B57A4DBF2936A3 /* Pods_tennispoints.framework */,
				CA99D9821862A84EC2E99EEE /* Pods_tennispointsTests.framework */,
				BDCAFAD5599B27A6782FB40C /* Pods_tennispointsUITests.framework */,
			);
			name = Frameworks;
			sourceTree = "<group>";
		};
		F0B3DB515BA59FE322B22237 /* Pods */ = {
			isa = PBXGroup;
			children = (
				ECC1AD47783CE5E3D08A163A /* Pods-tennispoints.debug.xcconfig */,
				1646BC3EE523735A104DCAB4 /* Pods-tennispoints.release.xcconfig */,
				034FB182A62B9FEE26AA398A /* Pods-tennispointsTests.debug.xcconfig */,
				89A2DE283EF336213E91DC6D /* Pods-tennispointsTests.release.xcconfig */,
				2AB852691E8E5DA96213F96D /* Pods-tennispointsUITests.debug.xcconfig */,
				A7EBF2AA41B02009FF7956BF /* Pods-tennispointsUITests.release.xcconfig */,
			);
			name = Pods;
			sourceTree = "<group>";
		};
/* End PBXGroup section */

/* Begin PBXNativeTarget section */
		4509E64E2013B7D6001113CE /* tennispoints */ = {
			isa = PBXNativeTarget;
			buildConfigurationList = 4509E6772013B7D7001113CE /* Build configuration list for PBXNativeTarget "tennispoints" */;
			buildPhases = (
				1D3DA8BAEE5592A905916D58 /* [CP] Check Pods Manifest.lock */,
				4509E64B2013B7D6001113CE /* Sources */,
				4509E64C2013B7D6001113CE /* Frameworks */,
				4509E64D2013B7D6001113CE /* Resources */,
				BC5951C0977AB7481113D890 /* [CP] Embed Pods Frameworks */,
				4B72DCE28B4CCD509FC356FF /* [CP] Copy Pods Resources */,
			);
			buildRules = (
			);
			dependencies = (
			);
			name = tennispoints;
			productName = tennispoints;
			productReference = 4509E64F2013B7D7001113CE /* tennispoints.app */;
			productType = "com.apple.product-type.application";
		};
		4509E6622013B7D7001113CE /* tennispointsTests */ = {
			isa = PBXNativeTarget;
			buildConfigurationList = 4509E67A2013B7D7001113CE /* Build configuration list for PBXNativeTarget "tennispointsTests" */;
			buildPhases = (
				116C27AD1D339F3A86F5648E /* [CP] Check Pods Manifest.lock */,
				4509E65F2013B7D7001113CE /* Sources */,
				4509E6602013B7D7001113CE /* Frameworks */,
				4509E6612013B7D7001113CE /* Resources */,
				D59CCA998C1761F9D0785BC4 /* [CP] Embed Pods Frameworks */,
				09B27D6E41654BC1AD156A5F /* [CP] Copy Pods Resources */,
			);
			buildRules = (
			);
			dependencies = (
				4509E6652013B7D7001113CE /* PBXTargetDependency */,
			);
			name = tennispointsTests;
			productName = tennispointsTests;
			productReference = 4509E6632013B7D7001113CE /* tennispointsTests.xctest */;
			productType = "com.apple.product-type.bundle.unit-test";
		};
		4509E66D2013B7D7001113CE /* tennispointsUITests */ = {
			isa = PBXNativeTarget;
			buildConfigurationList = 4509E67D2013B7D7001113CE /* Build configuration list for PBXNativeTarget "tennispointsUITests" */;
			buildPhases = (
				2438DAD737E23129E9A0A38A /* [CP] Check Pods Manifest.lock */,
				4509E66A2013B7D7001113CE /* Sources */,
				4509E66B2013B7D7001113CE /* Frameworks */,
				4509E66C2013B7D7001113CE /* Resources */,
				2941A0BF93195CB8C5370F92 /* [CP] Embed Pods Frameworks */,
				D5BB5066F713802513F3BB94 /* [CP] Copy Pods Resources */,
			);
			buildRules = (
			);
			dependencies = (
				4509E6702013B7D7001113CE /* PBXTargetDependency */,
			);
			name = tennispointsUITests;
			productName = tennispointsUITests;
			productReference = 4509E66E2013B7D7001113CE /* tennispointsUITests.xctest */;
			productType = "com.apple.product-type.bundle.ui-testing";
		};
/* End PBXNativeTarget section */

/* Begin PBXProject section */
		4509E6472013B7D6001113CE /* Project object */ = {
			isa = PBXProject;
			attributes = {
				LastSwiftUpdateCheck = 0820;
				LastUpgradeCheck = 0820;
				ORGANIZATIONNAME = TennisIQ;
				TargetAttributes = {
					4509E64E2013B7D6001113CE = {
						CreatedOnToolsVersion = 8.2.1;
						DevelopmentTeam = TFB385AK3E;
						ProvisioningStyle = Automatic;
					};
					4509E6622013B7D7001113CE = {
						CreatedOnToolsVersion = 8.2.1;
						DevelopmentTeam = TFB385AK3E;
						ProvisioningStyle = Automatic;
						TestTargetID = 4509E64E2013B7D6001113CE;
					};
					4509E66D2013B7D7001113CE = {
						CreatedOnToolsVersion = 8.2.1;
						DevelopmentTeam = TFB385AK3E;
						ProvisioningStyle = Automatic;
						TestTargetID = 4509E64E2013B7D6001113CE;
					};
				};
			};
			buildConfigurationList = 4509E64A2013B7D6001113CE /* Build configuration list for PBXProject "tennispoints" */;
			compatibilityVersion = "Xcode 3.2";
			developmentRegion = English;
			hasScannedForEncodings = 0;
			knownRegions = (
				en,
				Base,
			);
			mainGroup = 4509E6462013B7D6001113CE;
			productRefGroup = 4509E6502013B7D7001113CE /* Products */;
			projectDirPath = "";
			projectRoot = "";
			targets = (
				4509E64E2013B7D6001113CE /* tennispoints */,
				4509E6622013B7D7001113CE /* tennispointsTests */,
				4509E66D2013B7D7001113CE /* tennispointsUITests */,
			);
		};
/* End PBXProject section */

/* Begin PBXResourcesBuildPhase section */
		4509E64D2013B7D6001113CE /* Resources */ = {
			isa = PBXResourcesBuildPhase;
			buildActionMask = 2147483647;
			files = (
				4509E65D2013B7D7001113CE /* LaunchScreen.storyboard in Resources */,
				4509E6812013BB16001113CE /* GoogleService-Info.plist in Resources */,
				4509E65A2013B7D7001113CE /* Assets.xcassets in Resources */,
				4568BCA92016B7F800713B51 /* Main.storyboard in Resources */,
			);
			runOnlyForDeploymentPostprocessing = 0;
		};
		4509E6612013B7D7001113CE /* Resources */ = {
			isa = PBXResourcesBuildPhase;
			buildActionMask = 2147483647;
			files = (
			);
			runOnlyForDeploymentPostprocessing = 0;
		};
		4509E66C2013B7D7001113CE /* Resources */ = {
			isa = PBXResourcesBuildPhase;
			buildActionMask = 2147483647;
			files = (
			);
			runOnlyForDeploymentPostprocessing = 0;
		};
/* End PBXResourcesBuildPhase section */

/* Begin PBXShellScriptBuildPhase section */
		09B27D6E41654BC1AD156A5F /* [CP] Copy Pods Resources */ = {
			isa = PBXShellScriptBuildPhase;
			buildActionMask = 2147483647;
			files = (
			);
			inputPaths = (
			);
			name = "[CP] Copy Pods Resources";
			outputPaths = (
			);
			runOnlyForDeploymentPostprocessing = 0;
			shellPath = /bin/sh;
			shellScript = "\"${SRCROOT}/Pods/Target Support Files/Pods-tennispointsTests/Pods-tennispointsTests-resources.sh\"\n";
			showEnvVarsInLog = 0;
		};
		116C27AD1D339F3A86F5648E /* [CP] Check Pods Manifest.lock */ = {
			isa = PBXShellScriptBuildPhase;
			buildActionMask = 2147483647;
			files = (
			);
			inputPaths = (
				"${PODS_PODFILE_DIR_PATH}/Podfile.lock",
				"${PODS_ROOT}/Manifest.lock",
			);
			name = "[CP] Check Pods Manifest.lock";
			outputPaths = (
				"$(DERIVED_FILE_DIR)/Pods-tennispointsTests-checkManifestLockResult.txt",
			);
			runOnlyForDeploymentPostprocessing = 0;
			shellPath = /bin/sh;
			shellScript = "diff \"${PODS_PODFILE_DIR_PATH}/Podfile.lock\" \"${PODS_ROOT}/Manifest.lock\" > /dev/null\nif [ $? != 0 ] ; then\n    # print error to STDERR\n    echo \"error: The sandbox is not in sync with the Podfile.lock. Run 'pod install' or update your CocoaPods installation.\" >&2\n    exit 1\nfi\n# This output is used by Xcode 'outputs' to avoid re-running this script phase.\necho \"SUCCESS\" > \"${SCRIPT_OUTPUT_FILE_0}\"\n";
			showEnvVarsInLog = 0;
		};
		1D3DA8BAEE5592A905916D58 /* [CP] Check Pods Manifest.lock */ = {
			isa = PBXShellScriptBuildPhase;
			buildActionMask = 2147483647;
			files = (
			);
			inputPaths = (
				"${PODS_PODFILE_DIR_PATH}/Podfile.lock",
				"${PODS_ROOT}/Manifest.lock",
			);
			name = "[CP] Check Pods Manifest.lock";
			outputPaths = (
				"$(DERIVED_FILE_DIR)/Pods-tennispoints-checkManifestLockResult.txt",
			);
			runOnlyForDeploymentPostprocessing = 0;
			shellPath = /bin/sh;
			shellScript = "diff \"${PODS_PODFILE_DIR_PATH}/Podfile.lock\" \"${PODS_ROOT}/Manifest.lock\" > /dev/null\nif [ $? != 0 ] ; then\n    # print error to STDERR\n    echo \"error: The sandbox is not in sync with the Podfile.lock. Run 'pod install' or update your CocoaPods installation.\" >&2\n    exit 1\nfi\n# This output is used by Xcode 'outputs' to avoid re-running this script phase.\necho \"SUCCESS\" > \"${SCRIPT_OUTPUT_FILE_0}\"\n";
			showEnvVarsInLog = 0;
		};
		2438DAD737E23129E9A0A38A /* [CP] Check Pods Manifest.lock */ = {
			isa = PBXShellScriptBuildPhase;
			buildActionMask = 2147483647;
			files = (
			);
			inputPaths = (
				"${PODS_PODFILE_DIR_PATH}/Podfile.lock",
				"${PODS_ROOT}/Manifest.lock",
			);
			name = "[CP] Check Pods Manifest.lock";
			outputPaths = (
				"$(DERIVED_FILE_DIR)/Pods-tennispointsUITests-checkManifestLockResult.txt",
			);
			runOnlyForDeploymentPostprocessing = 0;
			shellPath = /bin/sh;
			shellScript = "diff \"${PODS_PODFILE_DIR_PATH}/Podfile.lock\" \"${PODS_ROOT}/Manifest.lock\" > /dev/null\nif [ $? != 0 ] ; then\n    # print error to STDERR\n    echo \"error: The sandbox is not in sync with the Podfile.lock. Run 'pod install' or update your CocoaPods installation.\" >&2\n    exit 1\nfi\n# This output is used by Xcode 'outputs' to avoid re-running this script phase.\necho \"SUCCESS\" > \"${SCRIPT_OUTPUT_FILE_0}\"\n";
			showEnvVarsInLog = 0;
		};
		2941A0BF93195CB8C5370F92 /* [CP] Embed Pods Frameworks */ = {
			isa = PBXShellScriptBuildPhase;
			buildActionMask = 2147483647;
			files = (
			);
			inputPaths = (
			);
			name = "[CP] Embed Pods Frameworks";
			outputPaths = (
			);
			runOnlyForDeploymentPostprocessing = 0;
			shellPath = /bin/sh;
			shellScript = "\"${SRCROOT}/Pods/Target Support Files/Pods-tennispointsUITests/Pods-tennispointsUITests-frameworks.sh\"\n";
			showEnvVarsInLog = 0;
		};
		4B72DCE28B4CCD509FC356FF /* [CP] Copy Pods Resources */ = {
			isa = PBXShellScriptBuildPhase;
			buildActionMask = 2147483647;
			files = (
			);
			inputPaths = (
			);
			name = "[CP] Copy Pods Resources";
			outputPaths = (
			);
			runOnlyForDeploymentPostprocessing = 0;
			shellPath = /bin/sh;
			shellScript = "\"${SRCROOT}/Pods/Target Support Files/Pods-tennispoints/Pods-tennispoints-resources.sh\"\n";
			showEnvVarsInLog = 0;
		};
		BC5951C0977AB7481113D890 /* [CP] Embed Pods Frameworks */ = {
			isa = PBXShellScriptBuildPhase;
			buildActionMask = 2147483647;
			files = (
			);
			inputPaths = (
				"${SRCROOT}/Pods/Target Support Files/Pods-tennispoints/Pods-tennispoints-frameworks.sh",
				"${BUILT_PRODUCTS_DIR}/GTMSessionFetcher/GTMSessionFetcher.framework",
				"${BUILT_PRODUCTS_DIR}/GoogleToolboxForMac/GoogleToolboxForMac.framework",
				"${BUILT_PRODUCTS_DIR}/leveldb-library/leveldb.framework",
				"${BUILT_PRODUCTS_DIR}/nanopb/nanopb.framework",
			);
			name = "[CP] Embed Pods Frameworks";
			outputPaths = (
				"${TARGET_BUILD_DIR}/${FRAMEWORKS_FOLDER_PATH}/GTMSessionFetcher.framework",
				"${TARGET_BUILD_DIR}/${FRAMEWORKS_FOLDER_PATH}/GoogleToolboxForMac.framework",
				"${TARGET_BUILD_DIR}/${FRAMEWORKS_FOLDER_PATH}/leveldb.framework",
				"${TARGET_BUILD_DIR}/${FRAMEWORKS_FOLDER_PATH}/nanopb.framework",
			);
			runOnlyForDeploymentPostprocessing = 0;
			shellPath = /bin/sh;
			shellScript = "\"${SRCROOT}/Pods/Target Support Files/Pods-tennispoints/Pods-tennispoints-frameworks.sh\"\n";
			showEnvVarsInLog = 0;
		};
		D59CCA998C1761F9D0785BC4 /* [CP] Embed Pods Frameworks */ = {
			isa = PBXShellScriptBuildPhase;
			buildActionMask = 2147483647;
			files = (
			);
			inputPaths = (
			);
			name = "[CP] Embed Pods Frameworks";
			outputPaths = (
			);
			runOnlyForDeploymentPostprocessing = 0;
			shellPath = /bin/sh;
			shellScript = "\"${SRCROOT}/Pods/Target Support Files/Pods-tennispointsTests/Pods-tennispointsTests-frameworks.sh\"\n";
			showEnvVarsInLog = 0;
		};
		D5BB5066F713802513F3BB94 /* [CP] Copy Pods Resources */ = {
			isa = PBXShellScriptBuildPhase;
			buildActionMask = 2147483647;
			files = (
			);
			inputPaths = (
			);
			name = "[CP] Copy Pods Resources";
			outputPaths = (
			);
			runOnlyForDeploymentPostprocessing = 0;
			shellPath = /bin/sh;
			shellScript = "\"${SRCROOT}/Pods/Target Support Files/Pods-tennispointsUITests/Pods-tennispointsUITests-resources.sh\"\n";
			showEnvVarsInLog = 0;
		};
/* End PBXShellScriptBuildPhase section */

/* Begin PBXSourcesBuildPhase section */
		4509E64B2013B7D6001113CE /* Sources */ = {
			isa = PBXSourcesBuildPhase;
			buildActionMask = 2147483647;
			files = (
				455E743C206ACA06007A4426 /* CourtPin.swift in Sources */,
				4509E6552013B7D7001113CE /* LoginViewController.swift in Sources */,
				4509E6532013B7D7001113CE /* AppDelegate.swift in Sources */,
				4534805C2015A35D00BA3C24 /* ProfileViewController.swift in Sources */,
				454F7647201FEB050029CF7E /* RecordPlayViewController.swift in Sources */,
				4535165D205EF9E5009D2F20 /* Location.swift in Sources */,
				454F7645201FEADF0029CF7E /* SetCourtViewController.swift in Sources */,
			);
			runOnlyForDeploymentPostprocessing = 0;
		};
		4509E65F2013B7D7001113CE /* Sources */ = {
			isa = PBXSourcesBuildPhase;
			buildActionMask = 2147483647;
			files = (
				4509E6682013B7D7001113CE /* tennispointsTests.swift in Sources */,
			);
			runOnlyForDeploymentPostprocessing = 0;
		};
		4509E66A2013B7D7001113CE /* Sources */ = {
			isa = PBXSourcesBuildPhase;
			buildActionMask = 2147483647;
			files = (
				4509E6732013B7D7001113CE /* tennispointsUITests.swift in Sources */,
			);
			runOnlyForDeploymentPostprocessing = 0;
		};
/* End PBXSourcesBuildPhase section */

/* Begin PBXTargetDependency section */
		4509E6652013B7D7001113CE /* PBXTargetDependency */ = {
			isa = PBXTargetDependency;
			target = 4509E64E2013B7D6001113CE /* tennispoints */;
			targetProxy = 4509E6642013B7D7001113CE /* PBXContainerItemProxy */;
		};
		4509E6702013B7D7001113CE /* PBXTargetDependency */ = {
			isa = PBXTargetDependency;
			target = 4509E64E2013B7D6001113CE /* tennispoints */;
			targetProxy = 4509E66F2013B7D7001113CE /* PBXContainerItemProxy */;
		};
/* End PBXTargetDependency section */

/* Begin PBXVariantGroup section */
		4509E65B2013B7D7001113CE /* LaunchScreen.storyboard */ = {
			isa = PBXVariantGroup;
			children = (
				4509E65C2013B7D7001113CE /* Base */,
			);
			name = LaunchScreen.storyboard;
			sourceTree = "<group>";
		};
		4568BCA72016B7F800713B51 /* Main.storyboard */ = {
			isa = PBXVariantGroup;
			children = (
				4568BCA82016B7F800713B51 /* Base */,
			);
			name = Main.storyboard;
			sourceTree = "<group>";
		};
/* End PBXVariantGroup section */

/* Begin XCBuildConfiguration section */
		4509E6752013B7D7001113CE /* Debug */ = {
			isa = XCBuildConfiguration;
			buildSettings = {
				ALWAYS_SEARCH_USER_PATHS = NO;
				CLANG_ANALYZER_NONNULL = YES;
				CLANG_CXX_LANGUAGE_STANDARD = "gnu++0x";
				CLANG_CXX_LIBRARY = "libc++";
				CLANG_ENABLE_MODULES = YES;
				CLANG_ENABLE_OBJC_ARC = YES;
				CLANG_WARN_BOOL_CONVERSION = YES;
				CLANG_WARN_CONSTANT_CONVERSION = YES;
				CLANG_WARN_DIRECT_OBJC_ISA_USAGE = YES_ERROR;
				CLANG_WARN_DOCUMENTATION_COMMENTS = YES;
				CLANG_WARN_EMPTY_BODY = YES;
				CLANG_WARN_ENUM_CONVERSION = YES;
				CLANG_WARN_INFINITE_RECURSION = YES;
				CLANG_WARN_INT_CONVERSION = YES;
				CLANG_WARN_OBJC_ROOT_CLASS = YES_ERROR;
				CLANG_WARN_SUSPICIOUS_MOVE = YES;
				CLANG_WARN_UNREACHABLE_CODE = YES;
				CLANG_WARN__DUPLICATE_METHOD_MATCH = YES;
				"CODE_SIGN_IDENTITY[sdk=iphoneos*]" = "iPhone Developer";
				COPY_PHASE_STRIP = NO;
				DEBUG_INFORMATION_FORMAT = dwarf;
				ENABLE_STRICT_OBJC_MSGSEND = YES;
				ENABLE_TESTABILITY = YES;
				GCC_C_LANGUAGE_STANDARD = gnu99;
				GCC_DYNAMIC_NO_PIC = NO;
				GCC_NO_COMMON_BLOCKS = YES;
				GCC_OPTIMIZATION_LEVEL = 0;
				GCC_PREPROCESSOR_DEFINITIONS = (
					"DEBUG=1",
					"$(inherited)",
				);
				GCC_WARN_64_TO_32_BIT_CONVERSION = YES;
				GCC_WARN_ABOUT_RETURN_TYPE = YES_ERROR;
				GCC_WARN_UNDECLARED_SELECTOR = YES;
				GCC_WARN_UNINITIALIZED_AUTOS = YES_AGGRESSIVE;
				GCC_WARN_UNUSED_FUNCTION = YES;
				GCC_WARN_UNUSED_VARIABLE = YES;
				IPHONEOS_DEPLOYMENT_TARGET = 10.2;
				MTL_ENABLE_DEBUG_INFO = YES;
				ONLY_ACTIVE_ARCH = YES;
				SDKROOT = iphoneos;
				SWIFT_ACTIVE_COMPILATION_CONDITIONS = DEBUG;
				SWIFT_OPTIMIZATION_LEVEL = "-Onone";
				TARGETED_DEVICE_FAMILY = "1,2";
			};
			name = Debug;
		};
		4509E6762013B7D7001113CE /* Release */ = {
			isa = XCBuildConfiguration;
			buildSettings = {
				ALWAYS_SEARCH_USER_PATHS = NO;
				CLANG_ANALYZER_NONNULL = YES;
				CLANG_CXX_LANGUAGE_STANDARD = "gnu++0x";
				CLANG_CXX_LIBRARY = "libc++";
				CLANG_ENABLE_MODULES = YES;
				CLANG_ENABLE_OBJC_ARC = YES;
				CLANG_WARN_BOOL_CONVERSION = YES;
				CLANG_WARN_CONSTANT_CONVERSION = YES;
				CLANG_WARN_DIRECT_OBJC_ISA_USAGE = YES_ERROR;
				CLANG_WARN_DOCUMENTATION_COMMENTS = YES;
				CLANG_WARN_EMPTY_BODY = YES;
				CLANG_WARN_ENUM_CONVERSION = YES;
				CLANG_WARN_INFINITE_RECURSION = YES;
				CLANG_WARN_INT_CONVERSION = YES;
				CLANG_WARN_OBJC_ROOT_CLASS = YES_ERROR;
				CLANG_WARN_SUSPICIOUS_MOVE = YES;
				CLANG_WARN_UNREACHABLE_CODE = YES;
				CLANG_WARN__DUPLICATE_METHOD_MATCH = YES;
				"CODE_SIGN_IDENTITY[sdk=iphoneos*]" = "iPhone Developer";
				COPY_PHASE_STRIP = NO;
				DEBUG_INFORMATION_FORMAT = "dwarf-with-dsym";
				ENABLE_NS_ASSERTIONS = NO;
				ENABLE_STRICT_OBJC_MSGSEND = YES;
				GCC_C_LANGUAGE_STANDARD = gnu99;
				GCC_NO_COMMON_BLOCKS = YES;
				GCC_WARN_64_TO_32_BIT_CONVERSION = YES;
				GCC_WARN_ABOUT_RETURN_TYPE = YES_ERROR;
				GCC_WARN_UNDECLARED_SELECTOR = YES;
				GCC_WARN_UNINITIALIZED_AUTOS = YES_AGGRESSIVE;
				GCC_WARN_UNUSED_FUNCTION = YES;
				GCC_WARN_UNUSED_VARIABLE = YES;
				IPHONEOS_DEPLOYMENT_TARGET = 10.2;
				MTL_ENABLE_DEBUG_INFO = NO;
				SDKROOT = iphoneos;
				SWIFT_OPTIMIZATION_LEVEL = "-Owholemodule";
				TARGETED_DEVICE_FAMILY = "1,2";
				VALIDATE_PRODUCT = YES;
			};
			name = Release;
		};
		4509E6782013B7D7001113CE /* Debug */ = {
			isa = XCBuildConfiguration;
			baseConfigurationReference = ECC1AD47783CE5E3D08A163A /* Pods-tennispoints.debug.xcconfig */;
			buildSettings = {
				ASSETCATALOG_COMPILER_APPICON_NAME = AppIcon;
				DEVELOPMENT_TEAM = TFB385AK3E;
				INFOPLIST_FILE = tennispoints/Info.plist;
				LD_RUNPATH_SEARCH_PATHS = "$(inherited) @executable_path/Frameworks";
				PRODUCT_BUNDLE_IDENTIFIER = tennisIQ.tennispoints;
				PRODUCT_NAME = "$(TARGET_NAME)";
				SWIFT_VERSION = 3.0;
			};
			name = Debug;
		};
		4509E6792013B7D7001113CE /* Release */ = {
			isa = XCBuildConfiguration;
			baseConfigurationReference = 1646BC3EE523735A104DCAB4 /* Pods-tennispoints.release.xcconfig */;
			buildSettings = {
				ASSETCATALOG_COMPILER_APPICON_NAME = AppIcon;
				DEVELOPMENT_TEAM = TFB385AK3E;
				INFOPLIST_FILE = tennispoints/Info.plist;
				LD_RUNPATH_SEARCH_PATHS = "$(inherited) @executable_path/Frameworks";
				PRODUCT_BUNDLE_IDENTIFIER = tennisIQ.tennispoints;
				PRODUCT_NAME = "$(TARGET_NAME)";
				SWIFT_VERSION = 3.0;
			};
			name = Release;
		};
		4509E67B2013B7D7001113CE /* Debug */ = {
			isa = XCBuildConfiguration;
			baseConfigurationReference = 034FB182A62B9FEE26AA398A /* Pods-tennispointsTests.debug.xcconfig */;
			buildSettings = {
				ALWAYS_EMBED_SWIFT_STANDARD_LIBRARIES = YES;
				BUNDLE_LOADER = "$(TEST_HOST)";
				DEVELOPMENT_TEAM = TFB385AK3E;
				INFOPLIST_FILE = tennispointsTests/Info.plist;
				LD_RUNPATH_SEARCH_PATHS = "$(inherited) @executable_path/Frameworks @loader_path/Frameworks";
				PRODUCT_BUNDLE_IDENTIFIER = tennisIQ.tennispointsTests;
				PRODUCT_NAME = "$(TARGET_NAME)";
				SWIFT_VERSION = 3.0;
				TEST_HOST = "$(BUILT_PRODUCTS_DIR)/tennispoints.app/tennispoints";
			};
			name = Debug;
		};
		4509E67C2013B7D7001113CE /* Release */ = {
			isa = XCBuildConfiguration;
			baseConfigurationReference = 89A2DE283EF336213E91DC6D /* Pods-tennispointsTests.release.xcconfig */;
			buildSettings = {
				ALWAYS_EMBED_SWIFT_STANDARD_LIBRARIES = YES;
				BUNDLE_LOADER = "$(TEST_HOST)";
				DEVELOPMENT_TEAM = TFB385AK3E;
				INFOPLIST_FILE = tennispointsTests/Info.plist;
				LD_RUNPATH_SEARCH_PATHS = "$(inherited) @executable_path/Frameworks @loader_path/Frameworks";
				PRODUCT_BUNDLE_IDENTIFIER = tennisIQ.tennispointsTests;
				PRODUCT_NAME = "$(TARGET_NAME)";
				SWIFT_VERSION = 3.0;
				TEST_HOST = "$(BUILT_PRODUCTS_DIR)/tennispoints.app/tennispoints";
			};
			name = Release;
		};
		4509E67E2013B7D7001113CE /* Debug */ = {
			isa = XCBuildConfiguration;
			baseConfigurationReference = 2AB852691E8E5DA96213F96D /* Pods-tennispointsUITests.debug.xcconfig */;
			buildSettings = {
				ALWAYS_EMBED_SWIFT_STANDARD_LIBRARIES = YES;
				DEVELOPMENT_TEAM = TFB385AK3E;
				INFOPLIST_FILE = tennispointsUITests/Info.plist;
				LD_RUNPATH_SEARCH_PATHS = "$(inherited) @executable_path/Frameworks @loader_path/Frameworks";
				PRODUCT_BUNDLE_IDENTIFIER = tennisIQ.tennispointsUITests;
				PRODUCT_NAME = "$(TARGET_NAME)";
				SWIFT_VERSION = 3.0;
				TEST_TARGET_NAME = tennispoints;
			};
			name = Debug;
		};
		4509E67F2013B7D7001113CE /* Release */ = {
			isa = XCBuildConfiguration;
			baseConfigurationReference = A7EBF2AA41B02009FF7956BF /* Pods-tennispointsUITests.release.xcconfig */;
			buildSettings = {
				ALWAYS_EMBED_SWIFT_STANDARD_LIBRARIES = YES;
				DEVELOPMENT_TEAM = TFB385AK3E;
				INFOPLIST_FILE = tennispointsUITests/Info.plist;
				LD_RUNPATH_SEARCH_PATHS = "$(inherited) @executable_path/Frameworks @loader_path/Frameworks";
				PRODUCT_BUNDLE_IDENTIFIER = tennisIQ.tennispointsUITests;
				PRODUCT_NAME = "$(TARGET_NAME)";
				SWIFT_VERSION = 3.0;
				TEST_TARGET_NAME = tennispoints;
			};
			name = Release;
		};
/* End XCBuildConfiguration section */

/* Begin XCConfigurationList section */
		4509E64A2013B7D6001113CE /* Build configuration list for PBXProject "tennispoints" */ = {
			isa = XCConfigurationList;
			buildConfigurations = (
				4509E6752013B7D7001113CE /* Debug */,
				4509E6762013B7D7001113CE /* Release */,
			);
			defaultConfigurationIsVisible = 0;
			defaultConfigurationName = Release;
		};
		4509E6772013B7D7001113CE /* Build configuration list for PBXNativeTarget "tennispoints" */ = {
			isa = XCConfigurationList;
			buildConfigurations = (
				4509E6782013B7D7001113CE /* Debug */,
				4509E6792013B7D7001113CE /* Release */,
			);
			defaultConfigurationIsVisible = 0;
			defaultConfigurationName = Release;
		};
		4509E67A2013B7D7001113CE /* Build configuration list for PBXNativeTarget "tennispointsTests" */ = {
			isa = XCConfigurationList;
			buildConfigurations = (
				4509E67B2013B7D7001113CE /* Debug */,
				4509E67C2013B7D7001113CE /* Release */,
			);
			defaultConfigurationIsVisible = 0;
			defaultConfigurationName = Release;
		};
		4509E67D2013B7D7001113CE /* Build configuration list for PBXNativeTarget "tennispointsUITests" */ = {
			isa = XCConfigurationList;
			buildConfigurations = (
				4509E67E2013B7D7001113CE /* Debug */,
				4509E67F2013B7D7001113CE /* Release */,
			);
			defaultConfigurationIsVisible = 0;
			defaultConfigurationName = Release;
		};
/* End XCConfigurationList section */
	};
	rootObject = 4509E6472013B7D6001113CE /* Project object */;
}
